
Microsoft Visual Studio Solution File, Format Version 12.00
# Visual Studio 15
VisualStudioVersion = 15.0.27130.2024
MinimumVisualStudioVersion = 15.0.26730.15
Project("{8BC9CEB8-8B4A-11D0-8D11-00A0C91BC942}") = "Common", "src\Common\Common.vcxproj", "{75E90AF7-38C1-4ACA-9193-D9C47085601C}"
	ProjectSection(ProjectDependencies) = postProject
		{71090322-39A3-40B9-85D9-55A363670B5D} = {71090322-39A3-40B9-85D9-55A363670B5D}
		{969A8669-130B-47E9-9EB6-E0C70D2A2A6A} = {969A8669-130B-47E9-9EB6-E0C70D2A2A6A}
		{D6E5C594-52BD-4FEE-A20A-D609E2A57CBD} = {D6E5C594-52BD-4FEE-A20A-D609E2A57CBD}
		{CD78FECA-F990-4EF5-A497-399E8B2CC08E} = {CD78FECA-F990-4EF5-A497-399E8B2CC08E}
	EndProjectSection
EndProject
Project("{8BC9CEB8-8B4A-11D0-8D11-00A0C91BC942}") = "X-Day.API", "src\xdAPI\xdAPI.vcxproj", "{969A8669-130B-47E9-9EB6-E0C70D2A2A6A}"
EndProject
Project("{2150E333-8FDC-42A3-9474-1A3956D46DE8}") = "include", "include", "{B78C1315-EDB0-409A-9591-5071CE05D77C}"
EndProject
Project("{8BC9CEB8-8B4A-11D0-8D11-00A0C91BC942}") = "X-Day.Engine", "src\xdEngine\xdEngine.vcxproj", "{CD78FECA-F990-4EF5-A497-399E8B2CC08E}"
EndProject
Project("{8BC9CEB8-8B4A-11D0-8D11-00A0C91BC942}") = "X-Day.Renderer", "src\xdRenderer\xdRenderer.vcxproj", "{D6E5C594-52BD-4FEE-A20A-D609E2A57CBD}"
EndProject
Project("{8BC9CEB8-8B4A-11D0-8D11-00A0C91BC942}") = "fmt", "include\fmt.vcxproj", "{F3A00ED5-79B7-43C7-8D9C-58874DC61845}"
EndProject
Project("{8BC9CEB8-8B4A-11D0-8D11-00A0C91BC942}") = "glslang", "include\glslang.vcxproj", "{B5C56F86-756F-4211-A456-4077A7B7E8B8}"
EndProject
Project("{8BC9CEB8-8B4A-11D0-8D11-00A0C91BC942}") = "imgui", "include\imgui.vcxproj", "{C3160892-FAA8-4011-8870-0E73C808C833}"
EndProject
Project("{8BC9CEB8-8B4A-11D0-8D11-00A0C91BC942}") = "OGLCompiler", "include\OGLCompiler.vcxproj", "{A5281109-2745-4F74-AABC-C1247D614883}"
EndProject
Project("{8BC9CEB8-8B4A-11D0-8D11-00A0C91BC942}") = "OSDependent", "include\OSDependent.vcxproj", "{D9FFD282-AFE1-4FAC-BB08-96BBBB8D260A}"
EndProject
Project("{8BC9CEB8-8B4A-11D0-8D11-00A0C91BC942}") = "SPIR-V", "include\SPIR-V.vcxproj", "{FA7FC3AF-9333-40D8-9138-B637F1AD8369}"
EndProject
Project("{8BC9CEB8-8B4A-11D0-8D11-00A0C91BC942}") = "tinyxml2", "include\tinyxml2.vcxproj", "{D1C528B6-AA02-4D29-9D61-DC08E317A70D}"
EndProject
Project("{2150E333-8FDC-42A3-9474-1A3956D46DE8}") = "SPIR-V", "SPIR-V", "{D9012303-EF05-480D-A620-27D8FB2D61E1}"
EndProject
Project("{8BC9CEB8-8B4A-11D0-8D11-00A0C91BC942}") = "X-Day.Core", "src\xdCore\xdCore.vcxproj", "{71090322-39A3-40B9-85D9-55A363670B5D}"
EndProject
Project("{8BC9CEB8-8B4A-11D0-8D11-00A0C91BC942}") = "GLFW3", "include\glfw.vcxproj", "{461392B0-8E09-312E-AE81-DE5CD596EA12}"
EndProject
Project("{8BC9CEB8-8B4A-11D0-8D11-00A0C91BC942}") = "VkDemoRenderer", "src\VkDemoRenderer\VkDemoRenderer.vcxproj", "{6A3523F0-057F-48D0-83F2-EF018157C9C6}"
	ProjectSection(ProjectDependencies) = postProject
		{75E90AF7-38C1-4ACA-9193-D9C47085601C} = {75E90AF7-38C1-4ACA-9193-D9C47085601C}
	EndProjectSection
EndProject
Project("{8BC9CEB8-8B4A-11D0-8D11-00A0C91BC942}") = "X-Day", "src\xdMain\xdMain.vcxproj", "{C28B9907-6E5E-43D3-90D3-FB02906F0343}"
EndProject
Global
	GlobalSection(SolutionConfigurationPlatforms) = preSolution
		Debug|x64 = Debug|x64
		Debug|x86 = Debug|x86
		Release|x64 = Release|x64
		Release|x86 = Release|x86
	EndGlobalSection
	GlobalSection(ProjectConfigurationPlatforms) = postSolution
		{75E90AF7-38C1-4ACA-9193-D9C47085601C}.Debug|x64.ActiveCfg = Debug|x64
		{75E90AF7-38C1-4ACA-9193-D9C47085601C}.Debug|x64.Build.0 = Debug|x64
		{75E90AF7-38C1-4ACA-9193-D9C47085601C}.Debug|x86.ActiveCfg = Debug|Win32
		{75E90AF7-38C1-4ACA-9193-D9C47085601C}.Debug|x86.Build.0 = Debug|Win32
		{75E90AF7-38C1-4ACA-9193-D9C47085601C}.Release|x64.ActiveCfg = Release|x64
		{75E90AF7-38C1-4ACA-9193-D9C47085601C}.Release|x64.Build.0 = Release|x64
		{75E90AF7-38C1-4ACA-9193-D9C47085601C}.Release|x86.ActiveCfg = Release|Win32
		{75E90AF7-38C1-4ACA-9193-D9C47085601C}.Release|x86.Build.0 = Release|Win32
		{969A8669-130B-47E9-9EB6-E0C70D2A2A6A}.Debug|x64.ActiveCfg = Debug|x64
		{969A8669-130B-47E9-9EB6-E0C70D2A2A6A}.Debug|x64.Build.0 = Debug|x64
		{969A8669-130B-47E9-9EB6-E0C70D2A2A6A}.Debug|x86.ActiveCfg = Debug|Win32
		{969A8669-130B-47E9-9EB6-E0C70D2A2A6A}.Debug|x86.Build.0 = Debug|Win32
		{969A8669-130B-47E9-9EB6-E0C70D2A2A6A}.Release|x64.ActiveCfg = Release|x64
		{969A8669-130B-47E9-9EB6-E0C70D2A2A6A}.Release|x64.Build.0 = Release|x64
		{969A8669-130B-47E9-9EB6-E0C70D2A2A6A}.Release|x86.ActiveCfg = Release|Win32
		{969A8669-130B-47E9-9EB6-E0C70D2A2A6A}.Release|x86.Build.0 = Release|Win32
		{CD78FECA-F990-4EF5-A497-399E8B2CC08E}.Debug|x64.ActiveCfg = Debug|x64
		{CD78FECA-F990-4EF5-A497-399E8B2CC08E}.Debug|x64.Build.0 = Debug|x64
		{CD78FECA-F990-4EF5-A497-399E8B2CC08E}.Debug|x86.ActiveCfg = Debug|Win32
		{CD78FECA-F990-4EF5-A497-399E8B2CC08E}.Debug|x86.Build.0 = Debug|Win32
		{CD78FECA-F990-4EF5-A497-399E8B2CC08E}.Release|x64.ActiveCfg = Release|x64
		{CD78FECA-F990-4EF5-A497-399E8B2CC08E}.Release|x64.Build.0 = Release|x64
		{CD78FECA-F990-4EF5-A497-399E8B2CC08E}.Release|x86.ActiveCfg = Release|Win32
		{CD78FECA-F990-4EF5-A497-399E8B2CC08E}.Release|x86.Build.0 = Release|Win32
		{D6E5C594-52BD-4FEE-A20A-D609E2A57CBD}.Debug|x64.ActiveCfg = Debug|x64
		{D6E5C594-52BD-4FEE-A20A-D609E2A57CBD}.Debug|x64.Build.0 = Debug|x64
		{D6E5C594-52BD-4FEE-A20A-D609E2A57CBD}.Debug|x86.ActiveCfg = Debug|Win32
		{D6E5C594-52BD-4FEE-A20A-D609E2A57CBD}.Debug|x86.Build.0 = Debug|Win32
		{D6E5C594-52BD-4FEE-A20A-D609E2A57CBD}.Release|x64.ActiveCfg = Release|x64
		{D6E5C594-52BD-4FEE-A20A-D609E2A57CBD}.Release|x64.Build.0 = Release|x64
		{D6E5C594-52BD-4FEE-A20A-D609E2A57CBD}.Release|x86.ActiveCfg = Release|Win32
		{D6E5C594-52BD-4FEE-A20A-D609E2A57CBD}.Release|x86.Build.0 = Release|Win32
		{F3A00ED5-79B7-43C7-8D9C-58874DC61845}.Debug|x64.ActiveCfg = Debug|x64
		{F3A00ED5-79B7-43C7-8D9C-58874DC61845}.Debug|x64.Build.0 = Debug|x64
		{F3A00ED5-79B7-43C7-8D9C-58874DC61845}.Debug|x86.ActiveCfg = Debug|Win32
		{F3A00ED5-79B7-43C7-8D9C-58874DC61845}.Debug|x86.Build.0 = Debug|Win32
		{F3A00ED5-79B7-43C7-8D9C-58874DC61845}.Release|x64.ActiveCfg = Release|x64
		{F3A00ED5-79B7-43C7-8D9C-58874DC61845}.Release|x64.Build.0 = Release|x64
		{F3A00ED5-79B7-43C7-8D9C-58874DC61845}.Release|x86.ActiveCfg = Release|Win32
		{F3A00ED5-79B7-43C7-8D9C-58874DC61845}.Release|x86.Build.0 = Release|Win32
		{B5C56F86-756F-4211-A456-4077A7B7E8B8}.Debug|x64.ActiveCfg = Debug|x64
		{B5C56F86-756F-4211-A456-4077A7B7E8B8}.Debug|x64.Build.0 = Debug|x64
		{B5C56F86-756F-4211-A456-4077A7B7E8B8}.Debug|x86.ActiveCfg = Debug|Win32
		{B5C56F86-756F-4211-A456-4077A7B7E8B8}.Debug|x86.Build.0 = Debug|Win32
		{B5C56F86-756F-4211-A456-4077A7B7E8B8}.Release|x64.ActiveCfg = Release|x64
		{B5C56F86-756F-4211-A456-4077A7B7E8B8}.Release|x64.Build.0 = Release|x64
		{B5C56F86-756F-4211-A456-4077A7B7E8B8}.Release|x86.ActiveCfg = Release|Win32
		{B5C56F86-756F-4211-A456-4077A7B7E8B8}.Release|x86.Build.0 = Release|Win32
		{C3160892-FAA8-4011-8870-0E73C808C833}.Debug|x64.ActiveCfg = Debug|x64
		{C3160892-FAA8-4011-8870-0E73C808C833}.Debug|x64.Build.0 = Debug|x64
		{C3160892-FAA8-4011-8870-0E73C808C833}.Debug|x86.ActiveCfg = Debug|Win32
		{C3160892-FAA8-4011-8870-0E73C808C833}.Debug|x86.Build.0 = Debug|Win32
		{C3160892-FAA8-4011-8870-0E73C808C833}.Release|x64.ActiveCfg = Release|x64
		{C3160892-FAA8-4011-8870-0E73C808C833}.Release|x64.Build.0 = Release|x64
		{C3160892-FAA8-4011-8870-0E73C808C833}.Release|x86.ActiveCfg = Release|Win32
		{C3160892-FAA8-4011-8870-0E73C808C833}.Release|x86.Build.0 = Release|Win32
		{A5281109-2745-4F74-AABC-C1247D614883}.Debug|x64.ActiveCfg = Debug|x64
		{A5281109-2745-4F74-AABC-C1247D614883}.Debug|x64.Build.0 = Debug|x64
		{A5281109-2745-4F74-AABC-C1247D614883}.Debug|x86.ActiveCfg = Debug|Win32
		{A5281109-2745-4F74-AABC-C1247D614883}.Debug|x86.Build.0 = Debug|Win32
		{A5281109-2745-4F74-AABC-C1247D614883}.Release|x64.ActiveCfg = Release|x64
		{A5281109-2745-4F74-AABC-C1247D614883}.Release|x64.Build.0 = Release|x64
		{A5281109-2745-4F74-AABC-C1247D614883}.Release|x86.ActiveCfg = Release|Win32
		{A5281109-2745-4F74-AABC-C1247D614883}.Release|x86.Build.0 = Release|Win32
		{D9FFD282-AFE1-4FAC-BB08-96BBBB8D260A}.Debug|x64.ActiveCfg = Debug|x64
		{D9FFD282-AFE1-4FAC-BB08-96BBBB8D260A}.Debug|x64.Build.0 = Debug|x64
		{D9FFD282-AFE1-4FAC-BB08-96BBBB8D260A}.Debug|x86.ActiveCfg = Debug|Win32
		{D9FFD282-AFE1-4FAC-BB08-96BBBB8D260A}.Debug|x86.Build.0 = Debug|Win32
		{D9FFD282-AFE1-4FAC-BB08-96BBBB8D260A}.Release|x64.ActiveCfg = Release|x64
		{D9FFD282-AFE1-4FAC-BB08-96BBBB8D260A}.Release|x64.Build.0 = Release|x64
		{D9FFD282-AFE1-4FAC-BB08-96BBBB8D260A}.Release|x86.ActiveCfg = Release|Win32
		{D9FFD282-AFE1-4FAC-BB08-96BBBB8D260A}.Release|x86.Build.0 = Release|Win32
		{FA7FC3AF-9333-40D8-9138-B637F1AD8369}.Debug|x64.ActiveCfg = Debug|x64
		{FA7FC3AF-9333-40D8-9138-B637F1AD8369}.Debug|x64.Build.0 = Debug|x64
		{FA7FC3AF-9333-40D8-9138-B637F1AD8369}.Debug|x86.ActiveCfg = Debug|Win32
		{FA7FC3AF-9333-40D8-9138-B637F1AD8369}.Debug|x86.Build.0 = Debug|Win32
		{FA7FC3AF-9333-40D8-9138-B637F1AD8369}.Release|x64.ActiveCfg = Release|x64
		{FA7FC3AF-9333-40D8-9138-B637F1AD8369}.Release|x64.Build.0 = Release|x64
		{FA7FC3AF-9333-40D8-9138-B637F1AD8369}.Release|x86.ActiveCfg = Release|Win32
		{FA7FC3AF-9333-40D8-9138-B637F1AD8369}.Release|x86.Build.0 = Release|Win32
		{D1C528B6-AA02-4D29-9D61-DC08E317A70D}.Debug|x64.ActiveCfg = Debug|x64
		{D1C528B6-AA02-4D29-9D61-DC08E317A70D}.Debug|x64.Build.0 = Debug|x64
		{D1C528B6-AA02-4D29-9D61-DC08E317A70D}.Debug|x86.ActiveCfg = Debug|Win32
		{D1C528B6-AA02-4D29-9D61-DC08E317A70D}.Debug|x86.Build.0 = Debug|Win32
		{D1C528B6-AA02-4D29-9D61-DC08E317A70D}.Release|x64.ActiveCfg = Release|x64
		{D1C528B6-AA02-4D29-9D61-DC08E317A70D}.Release|x64.Build.0 = Release|x64
		{D1C528B6-AA02-4D29-9D61-DC08E317A70D}.Release|x86.ActiveCfg = Release|Win32
		{D1C528B6-AA02-4D29-9D61-DC08E317A70D}.Release|x86.Build.0 = Release|Win32
		{71090322-39A3-40B9-85D9-55A363670B5D}.Debug|x64.ActiveCfg = Debug|x64
		{71090322-39A3-40B9-85D9-55A363670B5D}.Debug|x64.Build.0 = Debug|x64
		{71090322-39A3-40B9-85D9-55A363670B5D}.Debug|x86.ActiveCfg = Debug|Win32
		{71090322-39A3-40B9-85D9-55A363670B5D}.Debug|x86.Build.0 = Debug|Win32
		{71090322-39A3-40B9-85D9-55A363670B5D}.Release|x64.ActiveCfg = Release|x64
		{71090322-39A3-40B9-85D9-55A363670B5D}.Release|x64.Build.0 = Release|x64
		{71090322-39A3-40B9-85D9-55A363670B5D}.Release|x86.ActiveCfg = Release|Win32
		{71090322-39A3-40B9-85D9-55A363670B5D}.Release|x86.Build.0 = Release|Win32
		{461392B0-8E09-312E-AE81-DE5CD596EA12}.Debug|x64.ActiveCfg = Debug|x64
		{461392B0-8E09-312E-AE81-DE5CD596EA12}.Debug|x64.Build.0 = Debug|x64
		{461392B0-8E09-312E-AE81-DE5CD596EA12}.Debug|x86.ActiveCfg = Debug|Win32
		{461392B0-8E09-312E-AE81-DE5CD596EA12}.Debug|x86.Build.0 = Debug|Win32
		{461392B0-8E09-312E-AE81-DE5CD596EA12}.Release|x64.ActiveCfg = Release|x64
		{461392B0-8E09-312E-AE81-DE5CD596EA12}.Release|x64.Build.0 = Release|x64
		{461392B0-8E09-312E-AE81-DE5CD596EA12}.Release|x86.ActiveCfg = Release|Win32
		{461392B0-8E09-312E-AE81-DE5CD596EA12}.Release|x86.Build.0 = Release|Win32
		{6A3523F0-057F-48D0-83F2-EF018157C9C6}.Debug|x64.ActiveCfg = Debug|x64
		{6A3523F0-057F-48D0-83F2-EF018157C9C6}.Debug|x64.Build.0 = Debug|x64
		{6A3523F0-057F-48D0-83F2-EF018157C9C6}.Debug|x86.ActiveCfg = Debug|Win32
		{6A3523F0-057F-48D0-83F2-EF018157C9C6}.Debug|x86.Build.0 = Debug|Win32
		{6A3523F0-057F-48D0-83F2-EF018157C9C6}.Release|x64.ActiveCfg = Release|x64
		{6A3523F0-057F-48D0-83F2-EF018157C9C6}.Release|x64.Build.0 = Release|x64
		{6A3523F0-057F-48D0-83F2-EF018157C9C6}.Release|x86.ActiveCfg = Release|Win32
		{6A3523F0-057F-48D0-83F2-EF018157C9C6}.Release|x86.Build.0 = Release|Win32
		{C28B9907-6E5E-43D3-90D3-FB02906F0343}.Debug|x64.ActiveCfg = Debug|x64
		{C28B9907-6E5E-43D3-90D3-FB02906F0343}.Debug|x64.Build.0 = Debug|x64
		{C28B9907-6E5E-43D3-90D3-FB02906F0343}.Debug|x86.ActiveCfg = Debug|Win32
		{C28B9907-6E5E-43D3-90D3-FB02906F0343}.Debug|x86.Build.0 = Debug|Win32
		{C28B9907-6E5E-43D3-90D3-FB02906F0343}.Release|x64.ActiveCfg = Release|x64
		{C28B9907-6E5E-43D3-90D3-FB02906F0343}.Release|x64.Build.0 = Release|x64
		{C28B9907-6E5E-43D3-90D3-FB02906F0343}.Release|x86.ActiveCfg = Release|Win32
		{C28B9907-6E5E-43D3-90D3-FB02906F0343}.Release|x86.Build.0 = Release|Win32
	EndGlobalSection
	GlobalSection(SolutionProperties) = preSolution
		HideSolutionNode = FALSE
	EndGlobalSection
	GlobalSection(NestedProjects) = preSolution
		{F3A00ED5-79B7-43C7-8D9C-58874DC61845} = {B78C1315-EDB0-409A-9591-5071CE05D77C}
		{B5C56F86-756F-4211-A456-4077A7B7E8B8} = {D9012303-EF05-480D-A620-27D8FB2D61E1}
		{C3160892-FAA8-4011-8870-0E73C808C833} = {B78C1315-EDB0-409A-9591-5071CE05D77C}
		{A5281109-2745-4F74-AABC-C1247D614883} = {D9012303-EF05-480D-A620-27D8FB2D61E1}
		{D9FFD282-AFE1-4FAC-BB08-96BBBB8D260A} = {D9012303-EF05-480D-A620-27D8FB2D61E1}
		{FA7FC3AF-9333-40D8-9138-B637F1AD8369} = {D9012303-EF05-480D-A620-27D8FB2D61E1}
		{D1C528B6-AA02-4D29-9D61-DC08E317A70D} = {B78C1315-EDB0-409A-9591-5071CE05D77C}
		{D9012303-EF05-480D-A620-27D8FB2D61E1} = {B78C1315-EDB0-409A-9591-5071CE05D77C}
		{461392B0-8E09-312E-AE81-DE5CD596EA12} = {B78C1315-EDB0-409A-9591-5071CE05D77C}
	EndGlobalSection
	GlobalSection(ExtensibilityGlobals) = postSolution
		SolutionGuid = {2A7BBA1C-9B6E-4450-A856-76A7ACB62540}
	EndGlobalSection
EndGlobal
