
Microsoft Visual Studio Solution File, Format Version 12.00
# Visual Studio 15
VisualStudioVersion = 15.0.27004.2009
MinimumVisualStudioVersion = 15.0.26730.15
Project("{8BC9CEB8-8B4A-11D0-8D11-00A0C91BC942}") = "Common", "src\Common\Common.vcxproj", "{75E90AF7-38C1-4ACA-9193-D9C47085601C}"
	ProjectSection(ProjectDependencies) = postProject
		{71090322-39A3-40B9-85D9-55A363670B5D} = {71090322-39A3-40B9-85D9-55A363670B5D}
		{969A8669-130B-47E9-9EB6-E0C70D2A2A6A} = {969A8669-130B-47E9-9EB6-E0C70D2A2A6A}
		{D6E5C594-52BD-4FEE-A20A-D609E2A57CBD} = {D6E5C594-52BD-4FEE-A20A-D609E2A57CBD}
		{CD78FECA-F990-4EF5-A497-399E8B2CC08E} = {CD78FECA-F990-4EF5-A497-399E8B2CC08E}
	EndProjectSection
EndProject
Project("{8BC9CEB8-8B4A-11D0-8D11-00A0C91BC942}") = "X-Day.API", "src\xdAPI\xdAPI.vcxproj", "{969A8669-130B-47E9-9EB6-E0C70D2A2A6A}"
EndProject
Project("{2150E333-8FDC-42A3-9474-1A3956D46DE8}") = "include", "include", "{B78C1315-EDB0-409A-9591-5071CE05D77C}"
EndProject
Project("{8BC9CEB8-8B4A-11D0-8D11-00A0C91BC942}") = "X-Day.Engine", "src\xdEngine\xdEngine.vcxproj", "{CD78FECA-F990-4EF5-A497-399E8B2CC08E}"
EndProject
Project("{8BC9CEB8-8B4A-11D0-8D11-00A0C91BC942}") = "X-Day.Renderer", "src\xdRenderer\xdRenderer.vcxproj", "{D6E5C594-52BD-4FEE-A20A-D609E2A57CBD}"
EndProject
Project("{8BC9CEB8-8B4A-11D0-8D11-00A0C91BC942}") = "fmt", "include\fmt.vcxproj", "{F3A00ED5-79B7-43C7-8D9C-58874DC61845}"
EndProject
Project("{8BC9CEB8-8B4A-11D0-8D11-00A0C91BC942}") = "glslang", "include\glslang.vcxproj", "{B5C56F86-756F-4211-A456-4077A7B7E8B8}"
EndProject
Project("{8BC9CEB8-8B4A-11D0-8D11-00A0C91BC942}") = "imgui", "include\imgui.vcxproj", "{C3160892-FAA8-4011-8870-0E73C808C833}"
EndProject
Project("{8BC9CEB8-8B4A-11D0-8D11-00A0C91BC942}") = "OGLCompiler", "include\OGLCompiler.vcxproj", "{A5281109-2745-4F74-AABC-C1247D614883}"
EndProject
Project("{8BC9CEB8-8B4A-11D0-8D11-00A0C91BC942}") = "OSDependent", "include\OSDependent.vcxproj", "{D9FFD282-AFE1-4FAC-BB08-96BBBB8D260A}"
EndProject
Project("{8BC9CEB8-8B4A-11D0-8D11-00A0C91BC942}") = "SPIR-V", "include\SPIR-V.vcxproj", "{FA7FC3AF-9333-40D8-9138-B637F1AD8369}"
EndProject
Project("{8BC9CEB8-8B4A-11D0-8D11-00A0C91BC942}") = "tinyxml2", "include\tinyxml2.vcxproj", "{D1C528B6-AA02-4D29-9D61-DC08E317A70D}"
EndProject
Project("{2150E333-8FDC-42A3-9474-1A3956D46DE8}") = "SPIR-V", "SPIR-V", "{D9012303-EF05-480D-A620-27D8FB2D61E1}"
EndProject
Project("{8BC9CEB8-8B4A-11D0-8D11-00A0C91BC942}") = "X-Day.Core", "src\xdCore\xdCore.vcxproj", "{71090322-39A3-40B9-85D9-55A363670B5D}"
EndProject
Project("{8BC9CEB8-8B4A-11D0-8D11-00A0C91BC942}") = "GLFW3", "include\glfw.vcxproj", "{461392B0-8E09-312E-AE81-DE5CD596EA12}"
EndProject
Project("{2150E333-8FDC-42A3-9474-1A3956D46DE8}") = "ClanLib", "ClanLib", "{75C0D837-D1F3-45A5-8CA2-AC3FA41A95E1}"
EndProject
Project("{8BC9CEB8-8B4A-11D0-8D11-00A0C91BC942}") = "ClanLib.Core", "include\ClanLib\Projects\clanCore.vcxproj", "{C33270A3-7319-4E98-BE3E-498967E5E951}"
EndProject
Project("{8BC9CEB8-8B4A-11D0-8D11-00A0C91BC942}") = "ClanLib.Display", "include\ClanLib\Projects\clanDisplay.vcxproj", "{DCD4D200-C50B-4D07-AE76-C2A3EBE608E5}"
EndProject
Project("{8BC9CEB8-8B4A-11D0-8D11-00A0C91BC942}") = "ClanLib.App", "include\ClanLib\Projects\clanApp.vcxproj", "{D033A6AB-7BD4-46A4-A1D9-47610E04BBF2}"
EndProject
Project("{8BC9CEB8-8B4A-11D0-8D11-00A0C91BC942}") = "ClanLib.XML", "include\ClanLib\Projects\clanXML.vcxproj", "{1CED5FFA-2337-43EE-9C97-FC649DA49930}"
EndProject
Project("{8BC9CEB8-8B4A-11D0-8D11-00A0C91BC942}") = "ClanLib.UI", "include\ClanLib\Projects\clanUI.vcxproj", "{92DC7E83-9A76-4D6C-8AE8-FAA69E166676}"
EndProject
Project("{8BC9CEB8-8B4A-11D0-8D11-00A0C91BC942}") = "ClanLib.Sound", "include\ClanLib\Projects\clanSound.vcxproj", "{51A282B5-F4EA-4C2D-AF4B-F1468F2082E7}"
EndProject
Project("{8BC9CEB8-8B4A-11D0-8D11-00A0C91BC942}") = "ClanLib.Network", "include\ClanLib\Projects\clanNetwork.vcxproj", "{09F72707-C0B9-4BD1-BE96-1EF9DE4DB8DF}"
EndProject
Project("{8BC9CEB8-8B4A-11D0-8D11-00A0C91BC942}") = "ClanLib.GL", "include\ClanLib\Projects\clanGL.vcxproj", "{0EA0DB88-17DE-441E-AF1E-E27D9EF8A285}"
EndProject
Project("{8BC9CEB8-8B4A-11D0-8D11-00A0C91BC942}") = "ClanLib.D3D", "include\ClanLib\Projects\clanD3D.vcxproj", "{376B3278-A1BD-44D3-B37E-12CB75047BC3}"
EndProject
Project("{8BC9CEB8-8B4A-11D0-8D11-00A0C91BC942}") = "VkDemoRenderer", "src\VkDemoRenderer\VkDemoRenderer.vcxproj", "{6A3523F0-057F-48D0-83F2-EF018157C9C6}"
	ProjectSection(ProjectDependencies) = postProject
		{75E90AF7-38C1-4ACA-9193-D9C47085601C} = {75E90AF7-38C1-4ACA-9193-D9C47085601C}
	EndProjectSection
EndProject
Project("{8BC9CEB8-8B4A-11D0-8D11-00A0C91BC942}") = "X-Day", "src\xdMain\xdMain.vcxproj", "{C28B9907-6E5E-43D3-90D3-FB02906F0343}"
EndProject
Project("{2150E333-8FDC-42A3-9474-1A3956D46DE8}") = "TBB", "TBB", "{3BDF8D0A-26D2-4C3C-A507-7342E3CF5EB2}"
EndProject
Project("{8BC9CEB8-8B4A-11D0-8D11-00A0C91BC942}") = "tbb", "include\tbb.vcxproj", "{F62787DD-1327-448B-9818-030062BCFAA5}"
EndProject
Project("{8BC9CEB8-8B4A-11D0-8D11-00A0C91BC942}") = "tbbmalloc", "include\tbbmalloc.vcxproj", "{B15F131E-328A-4D42-ADC2-9FF4CA6306D8}"
EndProject
Global
	GlobalSection(SolutionConfigurationPlatforms) = preSolution
		Debug|x64 = Debug|x64
		Debug|x86 = Debug|x86
		Release|x64 = Release|x64
		Release|x86 = Release|x86
	EndGlobalSection
	GlobalSection(ProjectConfigurationPlatforms) = postSolution
		{75E90AF7-38C1-4ACA-9193-D9C47085601C}.Debug|x64.ActiveCfg = Debug|x64
		{75E90AF7-38C1-4ACA-9193-D9C47085601C}.Debug|x64.Build.0 = Debug|x64
		{75E90AF7-38C1-4ACA-9193-D9C47085601C}.Debug|x86.ActiveCfg = Debug|Win32
		{75E90AF7-38C1-4ACA-9193-D9C47085601C}.Debug|x86.Build.0 = Debug|Win32
		{75E90AF7-38C1-4ACA-9193-D9C47085601C}.Release|x64.ActiveCfg = Release|x64
		{75E90AF7-38C1-4ACA-9193-D9C47085601C}.Release|x64.Build.0 = Release|x64
		{75E90AF7-38C1-4ACA-9193-D9C47085601C}.Release|x86.ActiveCfg = Release|Win32
		{75E90AF7-38C1-4ACA-9193-D9C47085601C}.Release|x86.Build.0 = Release|Win32
		{969A8669-130B-47E9-9EB6-E0C70D2A2A6A}.Debug|x64.ActiveCfg = Debug|x64
		{969A8669-130B-47E9-9EB6-E0C70D2A2A6A}.Debug|x64.Build.0 = Debug|x64
		{969A8669-130B-47E9-9EB6-E0C70D2A2A6A}.Debug|x86.ActiveCfg = Debug|Win32
		{969A8669-130B-47E9-9EB6-E0C70D2A2A6A}.Debug|x86.Build.0 = Debug|Win32
		{969A8669-130B-47E9-9EB6-E0C70D2A2A6A}.Release|x64.ActiveCfg = Release|x64
		{969A8669-130B-47E9-9EB6-E0C70D2A2A6A}.Release|x64.Build.0 = Release|x64
		{969A8669-130B-47E9-9EB6-E0C70D2A2A6A}.Release|x86.ActiveCfg = Release|Win32
		{969A8669-130B-47E9-9EB6-E0C70D2A2A6A}.Release|x86.Build.0 = Release|Win32
		{CD78FECA-F990-4EF5-A497-399E8B2CC08E}.Debug|x64.ActiveCfg = Debug|x64
		{CD78FECA-F990-4EF5-A497-399E8B2CC08E}.Debug|x64.Build.0 = Debug|x64
		{CD78FECA-F990-4EF5-A497-399E8B2CC08E}.Debug|x86.ActiveCfg = Debug|Win32
		{CD78FECA-F990-4EF5-A497-399E8B2CC08E}.Debug|x86.Build.0 = Debug|Win32
		{CD78FECA-F990-4EF5-A497-399E8B2CC08E}.Release|x64.ActiveCfg = Release|x64
		{CD78FECA-F990-4EF5-A497-399E8B2CC08E}.Release|x64.Build.0 = Release|x64
		{CD78FECA-F990-4EF5-A497-399E8B2CC08E}.Release|x86.ActiveCfg = Release|Win32
		{CD78FECA-F990-4EF5-A497-399E8B2CC08E}.Release|x86.Build.0 = Release|Win32
		{D6E5C594-52BD-4FEE-A20A-D609E2A57CBD}.Debug|x64.ActiveCfg = Debug|x64
		{D6E5C594-52BD-4FEE-A20A-D609E2A57CBD}.Debug|x64.Build.0 = Debug|x64
		{D6E5C594-52BD-4FEE-A20A-D609E2A57CBD}.Debug|x86.ActiveCfg = Debug|Win32
		{D6E5C594-52BD-4FEE-A20A-D609E2A57CBD}.Debug|x86.Build.0 = Debug|Win32
		{D6E5C594-52BD-4FEE-A20A-D609E2A57CBD}.Release|x64.ActiveCfg = Release|x64
		{D6E5C594-52BD-4FEE-A20A-D609E2A57CBD}.Release|x64.Build.0 = Release|x64
		{D6E5C594-52BD-4FEE-A20A-D609E2A57CBD}.Release|x86.ActiveCfg = Release|Win32
		{D6E5C594-52BD-4FEE-A20A-D609E2A57CBD}.Release|x86.Build.0 = Release|Win32
		{F3A00ED5-79B7-43C7-8D9C-58874DC61845}.Debug|x64.ActiveCfg = Debug|x64
		{F3A00ED5-79B7-43C7-8D9C-58874DC61845}.Debug|x64.Build.0 = Debug|x64
		{F3A00ED5-79B7-43C7-8D9C-58874DC61845}.Debug|x86.ActiveCfg = Debug|Win32
		{F3A00ED5-79B7-43C7-8D9C-58874DC61845}.Debug|x86.Build.0 = Debug|Win32
		{F3A00ED5-79B7-43C7-8D9C-58874DC61845}.Release|x64.ActiveCfg = Release|x64
		{F3A00ED5-79B7-43C7-8D9C-58874DC61845}.Release|x64.Build.0 = Release|x64
		{F3A00ED5-79B7-43C7-8D9C-58874DC61845}.Release|x86.ActiveCfg = Release|Win32
		{F3A00ED5-79B7-43C7-8D9C-58874DC61845}.Release|x86.Build.0 = Release|Win32
		{B5C56F86-756F-4211-A456-4077A7B7E8B8}.Debug|x64.ActiveCfg = Debug|x64
		{B5C56F86-756F-4211-A456-4077A7B7E8B8}.Debug|x64.Build.0 = Debug|x64
		{B5C56F86-756F-4211-A456-4077A7B7E8B8}.Debug|x86.ActiveCfg = Debug|Win32
		{B5C56F86-756F-4211-A456-4077A7B7E8B8}.Debug|x86.Build.0 = Debug|Win32
		{B5C56F86-756F-4211-A456-4077A7B7E8B8}.Release|x64.ActiveCfg = Release|x64
		{B5C56F86-756F-4211-A456-4077A7B7E8B8}.Release|x64.Build.0 = Release|x64
		{B5C56F86-756F-4211-A456-4077A7B7E8B8}.Release|x86.ActiveCfg = Release|Win32
		{B5C56F86-756F-4211-A456-4077A7B7E8B8}.Release|x86.Build.0 = Release|Win32
		{C3160892-FAA8-4011-8870-0E73C808C833}.Debug|x64.ActiveCfg = Debug|x64
		{C3160892-FAA8-4011-8870-0E73C808C833}.Debug|x64.Build.0 = Debug|x64
		{C3160892-FAA8-4011-8870-0E73C808C833}.Debug|x86.ActiveCfg = Debug|Win32
		{C3160892-FAA8-4011-8870-0E73C808C833}.Debug|x86.Build.0 = Debug|Win32
		{C3160892-FAA8-4011-8870-0E73C808C833}.Release|x64.ActiveCfg = Release|x64
		{C3160892-FAA8-4011-8870-0E73C808C833}.Release|x64.Build.0 = Release|x64
		{C3160892-FAA8-4011-8870-0E73C808C833}.Release|x86.ActiveCfg = Release|Win32
		{C3160892-FAA8-4011-8870-0E73C808C833}.Release|x86.Build.0 = Release|Win32
		{A5281109-2745-4F74-AABC-C1247D614883}.Debug|x64.ActiveCfg = Debug|x64
		{A5281109-2745-4F74-AABC-C1247D614883}.Debug|x64.Build.0 = Debug|x64
		{A5281109-2745-4F74-AABC-C1247D614883}.Debug|x86.ActiveCfg = Debug|Win32
		{A5281109-2745-4F74-AABC-C1247D614883}.Debug|x86.Build.0 = Debug|Win32
		{A5281109-2745-4F74-AABC-C1247D614883}.Release|x64.ActiveCfg = Release|x64
		{A5281109-2745-4F74-AABC-C1247D614883}.Release|x64.Build.0 = Release|x64
		{A5281109-2745-4F74-AABC-C1247D614883}.Release|x86.ActiveCfg = Release|Win32
		{A5281109-2745-4F74-AABC-C1247D614883}.Release|x86.Build.0 = Release|Win32
		{D9FFD282-AFE1-4FAC-BB08-96BBBB8D260A}.Debug|x64.ActiveCfg = Debug|x64
		{D9FFD282-AFE1-4FAC-BB08-96BBBB8D260A}.Debug|x64.Build.0 = Debug|x64
		{D9FFD282-AFE1-4FAC-BB08-96BBBB8D260A}.Debug|x86.ActiveCfg = Debug|Win32
		{D9FFD282-AFE1-4FAC-BB08-96BBBB8D260A}.Debug|x86.Build.0 = Debug|Win32
		{D9FFD282-AFE1-4FAC-BB08-96BBBB8D260A}.Release|x64.ActiveCfg = Release|x64
		{D9FFD282-AFE1-4FAC-BB08-96BBBB8D260A}.Release|x64.Build.0 = Release|x64
		{D9FFD282-AFE1-4FAC-BB08-96BBBB8D260A}.Release|x86.ActiveCfg = Release|Win32
		{D9FFD282-AFE1-4FAC-BB08-96BBBB8D260A}.Release|x86.Build.0 = Release|Win32
		{FA7FC3AF-9333-40D8-9138-B637F1AD8369}.Debug|x64.ActiveCfg = Debug|x64
		{FA7FC3AF-9333-40D8-9138-B637F1AD8369}.Debug|x64.Build.0 = Debug|x64
		{FA7FC3AF-9333-40D8-9138-B637F1AD8369}.Debug|x86.ActiveCfg = Debug|Win32
		{FA7FC3AF-9333-40D8-9138-B637F1AD8369}.Debug|x86.Build.0 = Debug|Win32
		{FA7FC3AF-9333-40D8-9138-B637F1AD8369}.Release|x64.ActiveCfg = Release|x64
		{FA7FC3AF-9333-40D8-9138-B637F1AD8369}.Release|x64.Build.0 = Release|x64
		{FA7FC3AF-9333-40D8-9138-B637F1AD8369}.Release|x86.ActiveCfg = Release|Win32
		{FA7FC3AF-9333-40D8-9138-B637F1AD8369}.Release|x86.Build.0 = Release|Win32
		{D1C528B6-AA02-4D29-9D61-DC08E317A70D}.Debug|x64.ActiveCfg = Debug|x64
		{D1C528B6-AA02-4D29-9D61-DC08E317A70D}.Debug|x64.Build.0 = Debug|x64
		{D1C528B6-AA02-4D29-9D61-DC08E317A70D}.Debug|x86.ActiveCfg = Debug|Win32
		{D1C528B6-AA02-4D29-9D61-DC08E317A70D}.Debug|x86.Build.0 = Debug|Win32
		{D1C528B6-AA02-4D29-9D61-DC08E317A70D}.Release|x64.ActiveCfg = Release|x64
		{D1C528B6-AA02-4D29-9D61-DC08E317A70D}.Release|x64.Build.0 = Release|x64
		{D1C528B6-AA02-4D29-9D61-DC08E317A70D}.Release|x86.ActiveCfg = Release|Win32
		{D1C528B6-AA02-4D29-9D61-DC08E317A70D}.Release|x86.Build.0 = Release|Win32
		{71090322-39A3-40B9-85D9-55A363670B5D}.Debug|x64.ActiveCfg = Debug|x64
		{71090322-39A3-40B9-85D9-55A363670B5D}.Debug|x64.Build.0 = Debug|x64
		{71090322-39A3-40B9-85D9-55A363670B5D}.Debug|x86.ActiveCfg = Debug|Win32
		{71090322-39A3-40B9-85D9-55A363670B5D}.Debug|x86.Build.0 = Debug|Win32
		{71090322-39A3-40B9-85D9-55A363670B5D}.Release|x64.ActiveCfg = Release|x64
		{71090322-39A3-40B9-85D9-55A363670B5D}.Release|x64.Build.0 = Release|x64
		{71090322-39A3-40B9-85D9-55A363670B5D}.Release|x86.ActiveCfg = Release|Win32
		{71090322-39A3-40B9-85D9-55A363670B5D}.Release|x86.Build.0 = Release|Win32
		{461392B0-8E09-312E-AE81-DE5CD596EA12}.Debug|x64.ActiveCfg = Debug|x64
		{461392B0-8E09-312E-AE81-DE5CD596EA12}.Debug|x64.Build.0 = Debug|x64
		{461392B0-8E09-312E-AE81-DE5CD596EA12}.Debug|x86.ActiveCfg = Debug|Win32
		{461392B0-8E09-312E-AE81-DE5CD596EA12}.Debug|x86.Build.0 = Debug|Win32
		{461392B0-8E09-312E-AE81-DE5CD596EA12}.Release|x64.ActiveCfg = Release|x64
		{461392B0-8E09-312E-AE81-DE5CD596EA12}.Release|x64.Build.0 = Release|x64
		{461392B0-8E09-312E-AE81-DE5CD596EA12}.Release|x86.ActiveCfg = Release|Win32
		{461392B0-8E09-312E-AE81-DE5CD596EA12}.Release|x86.Build.0 = Release|Win32
		{C33270A3-7319-4E98-BE3E-498967E5E951}.Debug|x64.ActiveCfg = Debug|x64
		{C33270A3-7319-4E98-BE3E-498967E5E951}.Debug|x64.Build.0 = Debug|x64
		{C33270A3-7319-4E98-BE3E-498967E5E951}.Debug|x86.ActiveCfg = Debug|Win32
		{C33270A3-7319-4E98-BE3E-498967E5E951}.Debug|x86.Build.0 = Debug|Win32
		{C33270A3-7319-4E98-BE3E-498967E5E951}.Release|x64.ActiveCfg = Release|x64
		{C33270A3-7319-4E98-BE3E-498967E5E951}.Release|x64.Build.0 = Release|x64
		{C33270A3-7319-4E98-BE3E-498967E5E951}.Release|x86.ActiveCfg = Release|Win32
		{C33270A3-7319-4E98-BE3E-498967E5E951}.Release|x86.Build.0 = Release|Win32
		{DCD4D200-C50B-4D07-AE76-C2A3EBE608E5}.Debug|x64.ActiveCfg = Debug|x64
		{DCD4D200-C50B-4D07-AE76-C2A3EBE608E5}.Debug|x64.Build.0 = Debug|x64
		{DCD4D200-C50B-4D07-AE76-C2A3EBE608E5}.Debug|x86.ActiveCfg = Debug|Win32
		{DCD4D200-C50B-4D07-AE76-C2A3EBE608E5}.Debug|x86.Build.0 = Debug|Win32
		{DCD4D200-C50B-4D07-AE76-C2A3EBE608E5}.Release|x64.ActiveCfg = Release|x64
		{DCD4D200-C50B-4D07-AE76-C2A3EBE608E5}.Release|x64.Build.0 = Release|x64
		{DCD4D200-C50B-4D07-AE76-C2A3EBE608E5}.Release|x86.ActiveCfg = Release|Win32
		{DCD4D200-C50B-4D07-AE76-C2A3EBE608E5}.Release|x86.Build.0 = Release|Win32
		{D033A6AB-7BD4-46A4-A1D9-47610E04BBF2}.Debug|x64.ActiveCfg = Debug|x64
		{D033A6AB-7BD4-46A4-A1D9-47610E04BBF2}.Debug|x64.Build.0 = Debug|x64
		{D033A6AB-7BD4-46A4-A1D9-47610E04BBF2}.Debug|x86.ActiveCfg = Debug|Win32
		{D033A6AB-7BD4-46A4-A1D9-47610E04BBF2}.Debug|x86.Build.0 = Debug|Win32
		{D033A6AB-7BD4-46A4-A1D9-47610E04BBF2}.Release|x64.ActiveCfg = Release|x64
		{D033A6AB-7BD4-46A4-A1D9-47610E04BBF2}.Release|x64.Build.0 = Release|x64
		{D033A6AB-7BD4-46A4-A1D9-47610E04BBF2}.Release|x86.ActiveCfg = Release|Win32
		{D033A6AB-7BD4-46A4-A1D9-47610E04BBF2}.Release|x86.Build.0 = Release|Win32
		{1CED5FFA-2337-43EE-9C97-FC649DA49930}.Debug|x64.ActiveCfg = Debug|x64
		{1CED5FFA-2337-43EE-9C97-FC649DA49930}.Debug|x64.Build.0 = Debug|x64
		{1CED5FFA-2337-43EE-9C97-FC649DA49930}.Debug|x86.ActiveCfg = Debug|Win32
		{1CED5FFA-2337-43EE-9C97-FC649DA49930}.Debug|x86.Build.0 = Debug|Win32
		{1CED5FFA-2337-43EE-9C97-FC649DA49930}.Release|x64.ActiveCfg = Release|x64
		{1CED5FFA-2337-43EE-9C97-FC649DA49930}.Release|x64.Build.0 = Release|x64
		{1CED5FFA-2337-43EE-9C97-FC649DA49930}.Release|x86.ActiveCfg = Release|Win32
		{1CED5FFA-2337-43EE-9C97-FC649DA49930}.Release|x86.Build.0 = Release|Win32
		{92DC7E83-9A76-4D6C-8AE8-FAA69E166676}.Debug|x64.ActiveCfg = Debug|x64
		{92DC7E83-9A76-4D6C-8AE8-FAA69E166676}.Debug|x64.Build.0 = Debug|x64
		{92DC7E83-9A76-4D6C-8AE8-FAA69E166676}.Debug|x86.ActiveCfg = Debug|Win32
		{92DC7E83-9A76-4D6C-8AE8-FAA69E166676}.Debug|x86.Build.0 = Debug|Win32
		{92DC7E83-9A76-4D6C-8AE8-FAA69E166676}.Release|x64.ActiveCfg = Release|x64
		{92DC7E83-9A76-4D6C-8AE8-FAA69E166676}.Release|x64.Build.0 = Release|x64
		{92DC7E83-9A76-4D6C-8AE8-FAA69E166676}.Release|x86.ActiveCfg = Release|Win32
		{92DC7E83-9A76-4D6C-8AE8-FAA69E166676}.Release|x86.Build.0 = Release|Win32
		{51A282B5-F4EA-4C2D-AF4B-F1468F2082E7}.Debug|x64.ActiveCfg = Debug|x64
		{51A282B5-F4EA-4C2D-AF4B-F1468F2082E7}.Debug|x64.Build.0 = Debug|x64
		{51A282B5-F4EA-4C2D-AF4B-F1468F2082E7}.Debug|x86.ActiveCfg = Debug|Win32
		{51A282B5-F4EA-4C2D-AF4B-F1468F2082E7}.Debug|x86.Build.0 = Debug|Win32
		{51A282B5-F4EA-4C2D-AF4B-F1468F2082E7}.Release|x64.ActiveCfg = Release|x64
		{51A282B5-F4EA-4C2D-AF4B-F1468F2082E7}.Release|x64.Build.0 = Release|x64
		{51A282B5-F4EA-4C2D-AF4B-F1468F2082E7}.Release|x86.ActiveCfg = Release|Win32
		{51A282B5-F4EA-4C2D-AF4B-F1468F2082E7}.Release|x86.Build.0 = Release|Win32
		{09F72707-C0B9-4BD1-BE96-1EF9DE4DB8DF}.Debug|x64.ActiveCfg = Debug|x64
		{09F72707-C0B9-4BD1-BE96-1EF9DE4DB8DF}.Debug|x64.Build.0 = Debug|x64
		{09F72707-C0B9-4BD1-BE96-1EF9DE4DB8DF}.Debug|x86.ActiveCfg = Debug|Win32
		{09F72707-C0B9-4BD1-BE96-1EF9DE4DB8DF}.Debug|x86.Build.0 = Debug|Win32
		{09F72707-C0B9-4BD1-BE96-1EF9DE4DB8DF}.Release|x64.ActiveCfg = Release|x64
		{09F72707-C0B9-4BD1-BE96-1EF9DE4DB8DF}.Release|x64.Build.0 = Release|x64
		{09F72707-C0B9-4BD1-BE96-1EF9DE4DB8DF}.Release|x86.ActiveCfg = Release|Win32
		{09F72707-C0B9-4BD1-BE96-1EF9DE4DB8DF}.Release|x86.Build.0 = Release|Win32
		{0EA0DB88-17DE-441E-AF1E-E27D9EF8A285}.Debug|x64.ActiveCfg = Debug|x64
		{0EA0DB88-17DE-441E-AF1E-E27D9EF8A285}.Debug|x64.Build.0 = Debug|x64
		{0EA0DB88-17DE-441E-AF1E-E27D9EF8A285}.Debug|x86.ActiveCfg = Debug|Win32
		{0EA0DB88-17DE-441E-AF1E-E27D9EF8A285}.Debug|x86.Build.0 = Debug|Win32
		{0EA0DB88-17DE-441E-AF1E-E27D9EF8A285}.Release|x64.ActiveCfg = Release|x64
		{0EA0DB88-17DE-441E-AF1E-E27D9EF8A285}.Release|x64.Build.0 = Release|x64
		{0EA0DB88-17DE-441E-AF1E-E27D9EF8A285}.Release|x86.ActiveCfg = Release|Win32
		{0EA0DB88-17DE-441E-AF1E-E27D9EF8A285}.Release|x86.Build.0 = Release|Win32
		{376B3278-A1BD-44D3-B37E-12CB75047BC3}.Debug|x64.ActiveCfg = Debug|x64
		{376B3278-A1BD-44D3-B37E-12CB75047BC3}.Debug|x64.Build.0 = Debug|x64
		{376B3278-A1BD-44D3-B37E-12CB75047BC3}.Debug|x86.ActiveCfg = Debug|Win32
		{376B3278-A1BD-44D3-B37E-12CB75047BC3}.Debug|x86.Build.0 = Debug|Win32
		{376B3278-A1BD-44D3-B37E-12CB75047BC3}.Release|x64.ActiveCfg = Release|x64
		{376B3278-A1BD-44D3-B37E-12CB75047BC3}.Release|x64.Build.0 = Release|x64
		{376B3278-A1BD-44D3-B37E-12CB75047BC3}.Release|x86.ActiveCfg = Release|Win32
		{376B3278-A1BD-44D3-B37E-12CB75047BC3}.Release|x86.Build.0 = Release|Win32
		{6A3523F0-057F-48D0-83F2-EF018157C9C6}.Debug|x64.ActiveCfg = Debug|x64
		{6A3523F0-057F-48D0-83F2-EF018157C9C6}.Debug|x64.Build.0 = Debug|x64
		{6A3523F0-057F-48D0-83F2-EF018157C9C6}.Debug|x86.ActiveCfg = Debug|Win32
		{6A3523F0-057F-48D0-83F2-EF018157C9C6}.Debug|x86.Build.0 = Debug|Win32
		{6A3523F0-057F-48D0-83F2-EF018157C9C6}.Release|x64.ActiveCfg = Release|x64
		{6A3523F0-057F-48D0-83F2-EF018157C9C6}.Release|x64.Build.0 = Release|x64
		{6A3523F0-057F-48D0-83F2-EF018157C9C6}.Release|x86.ActiveCfg = Release|Win32
		{6A3523F0-057F-48D0-83F2-EF018157C9C6}.Release|x86.Build.0 = Release|Win32
		{C28B9907-6E5E-43D3-90D3-FB02906F0343}.Debug|x64.ActiveCfg = Debug|x64
		{C28B9907-6E5E-43D3-90D3-FB02906F0343}.Debug|x64.Build.0 = Debug|x64
		{C28B9907-6E5E-43D3-90D3-FB02906F0343}.Debug|x86.ActiveCfg = Debug|Win32
		{C28B9907-6E5E-43D3-90D3-FB02906F0343}.Debug|x86.Build.0 = Debug|Win32
		{C28B9907-6E5E-43D3-90D3-FB02906F0343}.Release|x64.ActiveCfg = Release|x64
		{C28B9907-6E5E-43D3-90D3-FB02906F0343}.Release|x64.Build.0 = Release|x64
		{C28B9907-6E5E-43D3-90D3-FB02906F0343}.Release|x86.ActiveCfg = Release|Win32
		{C28B9907-6E5E-43D3-90D3-FB02906F0343}.Release|x86.Build.0 = Release|Win32
		{F62787DD-1327-448B-9818-030062BCFAA5}.Debug|x64.ActiveCfg = Debug|x64
		{F62787DD-1327-448B-9818-030062BCFAA5}.Debug|x64.Build.0 = Debug|x64
		{F62787DD-1327-448B-9818-030062BCFAA5}.Debug|x86.ActiveCfg = Debug|Win32
		{F62787DD-1327-448B-9818-030062BCFAA5}.Debug|x86.Build.0 = Debug|Win32
		{F62787DD-1327-448B-9818-030062BCFAA5}.Release|x64.ActiveCfg = Release|x64
		{F62787DD-1327-448B-9818-030062BCFAA5}.Release|x64.Build.0 = Release|x64
		{F62787DD-1327-448B-9818-030062BCFAA5}.Release|x86.ActiveCfg = Release|Win32
		{F62787DD-1327-448B-9818-030062BCFAA5}.Release|x86.Build.0 = Release|Win32
		{B15F131E-328A-4D42-ADC2-9FF4CA6306D8}.Debug|x64.ActiveCfg = Debug|x64
		{B15F131E-328A-4D42-ADC2-9FF4CA6306D8}.Debug|x64.Build.0 = Debug|x64
		{B15F131E-328A-4D42-ADC2-9FF4CA6306D8}.Debug|x86.ActiveCfg = Debug|Win32
		{B15F131E-328A-4D42-ADC2-9FF4CA6306D8}.Debug|x86.Build.0 = Debug|Win32
		{B15F131E-328A-4D42-ADC2-9FF4CA6306D8}.Release|x64.ActiveCfg = Release|x64
		{B15F131E-328A-4D42-ADC2-9FF4CA6306D8}.Release|x64.Build.0 = Release|x64
		{B15F131E-328A-4D42-ADC2-9FF4CA6306D8}.Release|x86.ActiveCfg = Release|Win32
		{B15F131E-328A-4D42-ADC2-9FF4CA6306D8}.Release|x86.Build.0 = Release|Win32
	EndGlobalSection
	GlobalSection(SolutionProperties) = preSolution
		HideSolutionNode = FALSE
	EndGlobalSection
	GlobalSection(NestedProjects) = preSolution
		{F3A00ED5-79B7-43C7-8D9C-58874DC61845} = {B78C1315-EDB0-409A-9591-5071CE05D77C}
		{B5C56F86-756F-4211-A456-4077A7B7E8B8} = {D9012303-EF05-480D-A620-27D8FB2D61E1}
		{C3160892-FAA8-4011-8870-0E73C808C833} = {B78C1315-EDB0-409A-9591-5071CE05D77C}
		{A5281109-2745-4F74-AABC-C1247D614883} = {D9012303-EF05-480D-A620-27D8FB2D61E1}
		{D9FFD282-AFE1-4FAC-BB08-96BBBB8D260A} = {D9012303-EF05-480D-A620-27D8FB2D61E1}
		{FA7FC3AF-9333-40D8-9138-B637F1AD8369} = {D9012303-EF05-480D-A620-27D8FB2D61E1}
		{D1C528B6-AA02-4D29-9D61-DC08E317A70D} = {B78C1315-EDB0-409A-9591-5071CE05D77C}
		{D9012303-EF05-480D-A620-27D8FB2D61E1} = {B78C1315-EDB0-409A-9591-5071CE05D77C}
		{461392B0-8E09-312E-AE81-DE5CD596EA12} = {B78C1315-EDB0-409A-9591-5071CE05D77C}
		{75C0D837-D1F3-45A5-8CA2-AC3FA41A95E1} = {B78C1315-EDB0-409A-9591-5071CE05D77C}
		{C33270A3-7319-4E98-BE3E-498967E5E951} = {75C0D837-D1F3-45A5-8CA2-AC3FA41A95E1}
		{DCD4D200-C50B-4D07-AE76-C2A3EBE608E5} = {75C0D837-D1F3-45A5-8CA2-AC3FA41A95E1}
		{D033A6AB-7BD4-46A4-A1D9-47610E04BBF2} = {75C0D837-D1F3-45A5-8CA2-AC3FA41A95E1}
		{1CED5FFA-2337-43EE-9C97-FC649DA49930} = {75C0D837-D1F3-45A5-8CA2-AC3FA41A95E1}
		{92DC7E83-9A76-4D6C-8AE8-FAA69E166676} = {75C0D837-D1F3-45A5-8CA2-AC3FA41A95E1}
		{51A282B5-F4EA-4C2D-AF4B-F1468F2082E7} = {75C0D837-D1F3-45A5-8CA2-AC3FA41A95E1}
		{09F72707-C0B9-4BD1-BE96-1EF9DE4DB8DF} = {75C0D837-D1F3-45A5-8CA2-AC3FA41A95E1}
		{0EA0DB88-17DE-441E-AF1E-E27D9EF8A285} = {75C0D837-D1F3-45A5-8CA2-AC3FA41A95E1}
		{376B3278-A1BD-44D3-B37E-12CB75047BC3} = {75C0D837-D1F3-45A5-8CA2-AC3FA41A95E1}
		{3BDF8D0A-26D2-4C3C-A507-7342E3CF5EB2} = {B78C1315-EDB0-409A-9591-5071CE05D77C}
		{F62787DD-1327-448B-9818-030062BCFAA5} = {3BDF8D0A-26D2-4C3C-A507-7342E3CF5EB2}
		{B15F131E-328A-4D42-ADC2-9FF4CA6306D8} = {3BDF8D0A-26D2-4C3C-A507-7342E3CF5EB2}
	EndGlobalSection
	GlobalSection(ExtensibilityGlobals) = postSolution
		SolutionGuid = {2A7BBA1C-9B6E-4450-A856-76A7ACB62540}
	EndGlobalSection
EndGlobal
