Microsoft Visual Studio Solution File, Format Version 12.00
# Visual Studio 15
VisualStudioVersion = 15.0.26430.6
MinimumVisualStudioVersion = 14.0.25420.1
Project("{8BC9CEB8-8B4A-11D0-8D11-00A0C91BC942}") = "xdEngine", "src\xdEngine\xdEngine.vcxproj", "{C164222D-A92B-4C30-90CE-BD2927E7EB6D}"
EndProject
Project("{2150E333-8FDC-42A3-9474-1A3956D46DE8}") = "include", "include", "{5FBE068F-5316-4080-8EAA-7D31C9E0848E}"
EndProject
Project("{8BC9CEB8-8B4A-11D0-8D11-00A0C91BC942}") = "fmt", "include\fmt.vcxproj", "{F3A00ED5-79B7-43C7-8D9C-58874DC61845}"
EndProject
Project("{8BC9CEB8-8B4A-11D0-8D11-00A0C91BC942}") = "dynlib", "include\dynlib.vcxproj", "{0624A030-BC85-46AE-A529-A2EE1E656E2C}"
EndProject
Project("{8BC9CEB8-8B4A-11D0-8D11-00A0C91BC942}") = "tinyxml2", "include\tinyxml2.vcxproj", "{D1C528B6-AA02-4D29-9D61-DC08E317A70D}"
EndProject
Project("{8BC9CEB8-8B4A-11D0-8D11-00A0C91BC942}") = "Common", "src\Common\Common.vcxproj", "{9D0F7A42-2D85-412C-B476-EBB8ED541924}"
EndProject
Project("{2150E333-8FDC-42A3-9474-1A3956D46DE8}") = "SPIR-V", "SPIR-V", "{AD9128C2-7444-4240-AE91-08F9093F7D08}"
EndProject
Project("{8BC9CEB8-8B4A-11D0-8D11-00A0C91BC942}") = "glslang", "include\glslang.vcxproj", "{B5C56F86-756F-4211-A456-4077A7B7E8B8}"
EndProject
Project("{8BC9CEB8-8B4A-11D0-8D11-00A0C91BC942}") = "OSDependent", "include\OSDependent.vcxproj", "{D9FFD282-AFE1-4FAC-BB08-96BBBB8D260A}"
EndProject
Project("{8BC9CEB8-8B4A-11D0-8D11-00A0C91BC942}") = "OGLCompiler", "include\OGLCompiler.vcxproj", "{A5281109-2745-4F74-AABC-C1247D614883}"
EndProject
Project("{8BC9CEB8-8B4A-11D0-8D11-00A0C91BC942}") = "SPIR-V", "include\SPIR-V.vcxproj", "{FA7FC3AF-9333-40D8-9138-B637F1AD8369}"
EndProject
Project("{8BC9CEB8-8B4A-11D0-8D11-00A0C91BC942}") = "xdRenderer", "src\xdRenderer\xdRenderer.vcxproj", "{D6E5C594-52BD-4FEE-A20A-D609E2A57CBD}"
EndProject
Global
	GlobalSection(SolutionConfigurationPlatforms) = preSolution
		Debug|x64 = Debug|x64
		Debug|x86 = Debug|x86
		Release|x64 = Release|x64
		Release|x86 = Release|x86
	EndGlobalSection
	GlobalSection(ProjectConfigurationPlatforms) = postSolution
		{C164222D-A92B-4C30-90CE-BD2927E7EB6D}.Debug|x64.ActiveCfg = Debug|x64
		{C164222D-A92B-4C30-90CE-BD2927E7EB6D}.Debug|x64.Build.0 = Debug|x64
		{C164222D-A92B-4C30-90CE-BD2927E7EB6D}.Debug|x86.ActiveCfg = Debug|Win32
		{C164222D-A92B-4C30-90CE-BD2927E7EB6D}.Debug|x86.Build.0 = Debug|Win32
		{C164222D-A92B-4C30-90CE-BD2927E7EB6D}.Release|x64.ActiveCfg = Release|x64
		{C164222D-A92B-4C30-90CE-BD2927E7EB6D}.Release|x64.Build.0 = Release|x64
		{C164222D-A92B-4C30-90CE-BD2927E7EB6D}.Release|x86.ActiveCfg = Release|Win32
		{C164222D-A92B-4C30-90CE-BD2927E7EB6D}.Release|x86.Build.0 = Release|Win32
		{F3A00ED5-79B7-43C7-8D9C-58874DC61845}.Debug|x64.ActiveCfg = Debug|x64
		{F3A00ED5-79B7-43C7-8D9C-58874DC61845}.Debug|x64.Build.0 = Debug|x64
		{F3A00ED5-79B7-43C7-8D9C-58874DC61845}.Debug|x86.ActiveCfg = Debug|Win32
		{F3A00ED5-79B7-43C7-8D9C-58874DC61845}.Debug|x86.Build.0 = Debug|Win32
		{F3A00ED5-79B7-43C7-8D9C-58874DC61845}.Release|x64.ActiveCfg = Release|x64
		{F3A00ED5-79B7-43C7-8D9C-58874DC61845}.Release|x64.Build.0 = Release|x64
		{F3A00ED5-79B7-43C7-8D9C-58874DC61845}.Release|x86.ActiveCfg = Release|Win32
		{F3A00ED5-79B7-43C7-8D9C-58874DC61845}.Release|x86.Build.0 = Release|Win32
		{0624A030-BC85-46AE-A529-A2EE1E656E2C}.Debug|x64.ActiveCfg = Debug|x64
		{0624A030-BC85-46AE-A529-A2EE1E656E2C}.Debug|x64.Build.0 = Debug|x64
		{0624A030-BC85-46AE-A529-A2EE1E656E2C}.Debug|x86.ActiveCfg = Debug|Win32
		{0624A030-BC85-46AE-A529-A2EE1E656E2C}.Debug|x86.Build.0 = Debug|Win32
		{0624A030-BC85-46AE-A529-A2EE1E656E2C}.Release|x64.ActiveCfg = Release|x64
		{0624A030-BC85-46AE-A529-A2EE1E656E2C}.Release|x64.Build.0 = Release|x64
		{0624A030-BC85-46AE-A529-A2EE1E656E2C}.Release|x86.ActiveCfg = Release|Win32
		{0624A030-BC85-46AE-A529-A2EE1E656E2C}.Release|x86.Build.0 = Release|Win32
		{D1C528B6-AA02-4D29-9D61-DC08E317A70D}.Debug|x64.ActiveCfg = Debug|x64
		{D1C528B6-AA02-4D29-9D61-DC08E317A70D}.Debug|x64.Build.0 = Debug|x64
		{D1C528B6-AA02-4D29-9D61-DC08E317A70D}.Debug|x86.ActiveCfg = Debug|Win32
		{D1C528B6-AA02-4D29-9D61-DC08E317A70D}.Debug|x86.Build.0 = Debug|Win32
		{D1C528B6-AA02-4D29-9D61-DC08E317A70D}.Release|x64.ActiveCfg = Release|x64
		{D1C528B6-AA02-4D29-9D61-DC08E317A70D}.Release|x64.Build.0 = Release|x64
		{D1C528B6-AA02-4D29-9D61-DC08E317A70D}.Release|x86.ActiveCfg = Release|Win32
		{D1C528B6-AA02-4D29-9D61-DC08E317A70D}.Release|x86.Build.0 = Release|Win32
		{9D0F7A42-2D85-412C-B476-EBB8ED541924}.Debug|x64.ActiveCfg = Debug|x64
		{9D0F7A42-2D85-412C-B476-EBB8ED541924}.Debug|x86.ActiveCfg = Debug|Win32
		{9D0F7A42-2D85-412C-B476-EBB8ED541924}.Release|x64.ActiveCfg = Release|x64
		{9D0F7A42-2D85-412C-B476-EBB8ED541924}.Release|x86.ActiveCfg = Release|Win32
		{B5C56F86-756F-4211-A456-4077A7B7E8B8}.Debug|x64.ActiveCfg = Debug|x64
		{B5C56F86-756F-4211-A456-4077A7B7E8B8}.Debug|x64.Build.0 = Debug|x64
		{B5C56F86-756F-4211-A456-4077A7B7E8B8}.Debug|x86.ActiveCfg = Debug|Win32
		{B5C56F86-756F-4211-A456-4077A7B7E8B8}.Debug|x86.Build.0 = Debug|Win32
		{B5C56F86-756F-4211-A456-4077A7B7E8B8}.Release|x64.ActiveCfg = Release|x64
		{B5C56F86-756F-4211-A456-4077A7B7E8B8}.Release|x64.Build.0 = Release|x64
		{B5C56F86-756F-4211-A456-4077A7B7E8B8}.Release|x86.ActiveCfg = Release|Win32
		{B5C56F86-756F-4211-A456-4077A7B7E8B8}.Release|x86.Build.0 = Release|Win32
		{D9FFD282-AFE1-4FAC-BB08-96BBBB8D260A}.Debug|x64.ActiveCfg = Debug|x64
		{D9FFD282-AFE1-4FAC-BB08-96BBBB8D260A}.Debug|x64.Build.0 = Debug|x64
		{D9FFD282-AFE1-4FAC-BB08-96BBBB8D260A}.Debug|x86.ActiveCfg = Debug|Win32
		{D9FFD282-AFE1-4FAC-BB08-96BBBB8D260A}.Debug|x86.Build.0 = Debug|Win32
		{D9FFD282-AFE1-4FAC-BB08-96BBBB8D260A}.Release|x64.ActiveCfg = Release|x64
		{D9FFD282-AFE1-4FAC-BB08-96BBBB8D260A}.Release|x64.Build.0 = Release|x64
		{D9FFD282-AFE1-4FAC-BB08-96BBBB8D260A}.Release|x86.ActiveCfg = Release|Win32
		{D9FFD282-AFE1-4FAC-BB08-96BBBB8D260A}.Release|x86.Build.0 = Release|Win32
		{A5281109-2745-4F74-AABC-C1247D614883}.Debug|x64.ActiveCfg = Debug|x64
		{A5281109-2745-4F74-AABC-C1247D614883}.Debug|x64.Build.0 = Debug|x64
		{A5281109-2745-4F74-AABC-C1247D614883}.Debug|x86.ActiveCfg = Debug|Win32
		{A5281109-2745-4F74-AABC-C1247D614883}.Debug|x86.Build.0 = Debug|Win32
		{A5281109-2745-4F74-AABC-C1247D614883}.Release|x64.ActiveCfg = Release|x64
		{A5281109-2745-4F74-AABC-C1247D614883}.Release|x64.Build.0 = Release|x64
		{A5281109-2745-4F74-AABC-C1247D614883}.Release|x86.ActiveCfg = Release|Win32
		{A5281109-2745-4F74-AABC-C1247D614883}.Release|x86.Build.0 = Release|Win32
		{FA7FC3AF-9333-40D8-9138-B637F1AD8369}.Debug|x64.ActiveCfg = Debug|x64
		{FA7FC3AF-9333-40D8-9138-B637F1AD8369}.Debug|x64.Build.0 = Debug|x64
		{FA7FC3AF-9333-40D8-9138-B637F1AD8369}.Debug|x64.Deploy.0 = Debug|x64
		{FA7FC3AF-9333-40D8-9138-B637F1AD8369}.Debug|x86.ActiveCfg = Debug|Win32
		{FA7FC3AF-9333-40D8-9138-B637F1AD8369}.Debug|x86.Build.0 = Debug|Win32
		{FA7FC3AF-9333-40D8-9138-B637F1AD8369}.Debug|x86.Deploy.0 = Debug|Win32
		{FA7FC3AF-9333-40D8-9138-B637F1AD8369}.Release|x64.ActiveCfg = Release|x64
		{FA7FC3AF-9333-40D8-9138-B637F1AD8369}.Release|x64.Build.0 = Release|x64
		{FA7FC3AF-9333-40D8-9138-B637F1AD8369}.Release|x64.Deploy.0 = Release|x64
		{FA7FC3AF-9333-40D8-9138-B637F1AD8369}.Release|x86.ActiveCfg = Release|Win32
		{FA7FC3AF-9333-40D8-9138-B637F1AD8369}.Release|x86.Build.0 = Release|Win32
		{FA7FC3AF-9333-40D8-9138-B637F1AD8369}.Release|x86.Deploy.0 = Release|Win32
		{D6E5C594-52BD-4FEE-A20A-D609E2A57CBD}.Debug|x64.ActiveCfg = Debug|x64
		{D6E5C594-52BD-4FEE-A20A-D609E2A57CBD}.Debug|x64.Build.0 = Debug|x64
		{D6E5C594-52BD-4FEE-A20A-D609E2A57CBD}.Debug|x86.ActiveCfg = Debug|Win32
		{D6E5C594-52BD-4FEE-A20A-D609E2A57CBD}.Debug|x86.Build.0 = Debug|Win32
		{D6E5C594-52BD-4FEE-A20A-D609E2A57CBD}.Release|x64.ActiveCfg = Release|x64
		{D6E5C594-52BD-4FEE-A20A-D609E2A57CBD}.Release|x64.Build.0 = Release|x64
		{D6E5C594-52BD-4FEE-A20A-D609E2A57CBD}.Release|x86.ActiveCfg = Release|Win32
		{D6E5C594-52BD-4FEE-A20A-D609E2A57CBD}.Release|x86.Build.0 = Release|Win32
	EndGlobalSection
	GlobalSection(SolutionProperties) = preSolution
		HideSolutionNode = FALSE
	EndGlobalSection
	GlobalSection(NestedProjects) = preSolution
		{F3A00ED5-79B7-43C7-8D9C-58874DC61845} = {5FBE068F-5316-4080-8EAA-7D31C9E0848E}
		{0624A030-BC85-46AE-A529-A2EE1E656E2C} = {5FBE068F-5316-4080-8EAA-7D31C9E0848E}
		{D1C528B6-AA02-4D29-9D61-DC08E317A70D} = {5FBE068F-5316-4080-8EAA-7D31C9E0848E}
		{AD9128C2-7444-4240-AE91-08F9093F7D08} = {5FBE068F-5316-4080-8EAA-7D31C9E0848E}
		{B5C56F86-756F-4211-A456-4077A7B7E8B8} = {AD9128C2-7444-4240-AE91-08F9093F7D08}
		{D9FFD282-AFE1-4FAC-BB08-96BBBB8D260A} = {AD9128C2-7444-4240-AE91-08F9093F7D08}
		{A5281109-2745-4F74-AABC-C1247D614883} = {AD9128C2-7444-4240-AE91-08F9093F7D08}
		{FA7FC3AF-9333-40D8-9138-B637F1AD8369} = {AD9128C2-7444-4240-AE91-08F9093F7D08}
	EndGlobalSection
EndGlobal
