<?xml version="1.0" encoding="utf-8"?>
<Project ToolsVersion="4.0" xmlns="http://schemas.microsoft.com/developer/msbuild/2003">
  <ItemGroup>
    <Filter Include="Console">
      <UniqueIdentifier>{f08a9e8f-73a8-4d92-b09b-03ecf3ee055a}</UniqueIdentifier>
    </Filter>
    <Filter Include="Console\Commands">
      <UniqueIdentifier>{28b0e815-c2df-49b4-bf71-0d3f813c3018}</UniqueIdentifier>
    </Filter>
  </ItemGroup>
  <ItemGroup>
    <ClCompile Include="Console.cpp">
      <Filter>Console</Filter>
    </ClCompile>
    <ClCompile Include="ConsoleCommand.cpp">
      <Filter>Console\Commands</Filter>
    </ClCompile>
    <ClCompile Include="ConsoleCommands.cpp">
      <Filter>Console\Commands</Filter>
    </ClCompile>
    <ClCompile Include="main.cpp" />
    <ClCompile Include="xdEngine.cpp" />
    <ClCompile Include="pch.cpp" />
  </ItemGroup>
  <ItemGroup>
    <ClInclude Include="Console.hpp">
      <Filter>Console</Filter>
    </ClInclude>
    <ClInclude Include="ConsoleCommand.hpp">
      <Filter>Console\Commands</Filter>
    </ClInclude>
    <ClInclude Include="ConsoleCommands.hpp">
      <Filter>Console\Commands</Filter>
    </ClInclude>
    <ClInclude Include="xdEngine.hpp" />
    <ClInclude Include="pch.hpp" />
  </ItemGroup>
</Project>