<?xml version="1.0" encoding="utf-8"?>
<Project ToolsVersion="4.0" xmlns="http://schemas.microsoft.com/developer/msbuild/2003">
  <ItemGroup>
    <ClCompile Include="xdCore.cpp" />
    <ClCompile Include="Log.cpp">
      <Filter>Logging</Filter>
    </ClCompile>
    <ClCompile Include="XML\XMLDocument.cpp">
      <Filter>XML</Filter>
    </ClCompile>
    <ClCompile Include="XML\XMLResource.cpp">
      <Filter>XML</Filter>
    </ClCompile>
    <ClCompile Include="pch.cpp" />
    <ClCompile Include="ModuleManager.cpp" />
    <ClCompile Include="CommandLine\Key.cpp">
      <Filter>CommandLine</Filter>
    </ClCompile>
  </ItemGroup>
  <ItemGroup>
    <ClInclude Include="xdCore.hpp" />
    <ClInclude Include="Log.hpp">
      <Filter>Logging</Filter>
    </ClInclude>
    <ClInclude Include="XML\XMLDocument.hpp">
      <Filter>XML</Filter>
    </ClInclude>
    <ClInclude Include="XML\XMLResource.hpp">
      <Filter>XML</Filter>
    </ClInclude>
    <ClInclude Include="pch.hpp" />
    <ClInclude Include="Types.hpp" />
    <ClInclude Include="ModuleManager.hpp" />
    <ClInclude Include="CommandLine\Key.hpp">
      <Filter>CommandLine</Filter>
    </ClInclude>
    <ClInclude Include="CommandLine\Keys.hpp">
      <Filter>CommandLine</Filter>
    </ClInclude>
  </ItemGroup>
  <ItemGroup>
    <Filter Include="Logging">
      <UniqueIdentifier>{59d66110-cd5f-4bf1-87eb-25ac9f793336}</UniqueIdentifier>
    </Filter>
    <Filter Include="XML">
      <UniqueIdentifier>{1f28fb21-07c1-4f2c-bbad-f121606052cb}</UniqueIdentifier>
    </Filter>
    <Filter Include="CommandLine">
      <UniqueIdentifier>{80d2f9e0-b715-4ccc-b5eb-0aeb85594c2b}</UniqueIdentifier>
    </Filter>
  </ItemGroup>
</Project>