<?xml version="1.0" encoding="utf-8"?>
<Project ToolsVersion="4.0" xmlns="http://schemas.microsoft.com/developer/msbuild/2003">
  <ItemGroup>
    <ClCompile Include="Log.cpp">
      <Filter>Logging</Filter>
    </ClCompile>
    <ClCompile Include="pch.cpp" />
    <ClCompile Include="CommandLine\Key.cpp">
      <Filter>CommandLine</Filter>
    </ClCompile>
    <ClCompile Include="Core.cpp" />
    <ClCompile Include="Module.cpp" />
    <ClCompile Include="Filesystem.cpp">
      <Filter>Filesystem</Filter>
    </ClCompile>
  </ItemGroup>
  <ItemGroup>
    <ClInclude Include="Log.hpp">
      <Filter>Logging</Filter>
    </ClInclude>
    <ClInclude Include="pch.hpp" />
    <ClInclude Include="Types.hpp" />
    <ClInclude Include="CommandLine\Key.hpp">
      <Filter>CommandLine</Filter>
    </ClInclude>
    <ClInclude Include="CommandLine\Keys.hpp">
      <Filter>CommandLine</Filter>
    </ClInclude>
    <ClInclude Include="Core.hpp" />
    <ClInclude Include="Module.hpp" />
    <ClInclude Include="Filesystem.hpp">
      <Filter>Filesystem</Filter>
    </ClInclude>
  </ItemGroup>
  <ItemGroup>
    <Filter Include="Logging">
      <UniqueIdentifier>{59d66110-cd5f-4bf1-87eb-25ac9f793336}</UniqueIdentifier>
    </Filter>
    <Filter Include="XML">
      <UniqueIdentifier>{1f28fb21-07c1-4f2c-bbad-f121606052cb}</UniqueIdentifier>
    </Filter>
    <Filter Include="CommandLine">
      <UniqueIdentifier>{80d2f9e0-b715-4ccc-b5eb-0aeb85594c2b}</UniqueIdentifier>
    </Filter>
    <Filter Include="Filesystem">
      <UniqueIdentifier>{e9ae7b7b-28b7-4a80-a477-24ac7cfc93d1}</UniqueIdentifier>
    </Filter>
  </ItemGroup>
</Project>