<?xml version="1.0" encoding="utf-8"?>
<Project ToolsVersion="4.0" xmlns="http://schemas.microsoft.com/developer/msbuild/2003">
  <ItemGroup>
    <ClInclude Include="glslang\glslang\MachineIndependent\preprocessor\PpContext.h">
      <Filter>MachineIndependent\Preprocessor</Filter>
    </ClInclude>
    <ClInclude Include="glslang\glslang\MachineIndependent\preprocessor\PpTokens.h">
      <Filter>MachineIndependent\Preprocessor</Filter>
    </ClInclude>
    <ClInclude Include="glslang\glslang\Include\arrays.h">
      <Filter>Include</Filter>
    </ClInclude>
    <ClInclude Include="glslang\glslang\Public\ShaderLang.h">
      <Filter>Public</Filter>
    </ClInclude>
    <ClInclude Include="glslang\glslang\Include\BaseTypes.h">
      <Filter>Include</Filter>
    </ClInclude>
    <ClInclude Include="glslang\glslang\Include\Common.h">
      <Filter>Include</Filter>
    </ClInclude>
    <ClInclude Include="glslang\glslang\Include\ConstantUnion.h">
      <Filter>Include</Filter>
    </ClInclude>
    <ClInclude Include="glslang\glslang\Include\InfoSink.h">
      <Filter>Include</Filter>
    </ClInclude>
    <ClInclude Include="glslang\glslang\Include\InitializeGlobals.h">
      <Filter>Include</Filter>
    </ClInclude>
    <ClInclude Include="glslang\glslang\Include\intermediate.h">
      <Filter>Include</Filter>
    </ClInclude>
    <ClInclude Include="glslang\glslang\Include\PoolAlloc.h">
      <Filter>Include</Filter>
    </ClInclude>
    <ClInclude Include="glslang\glslang\Include\ResourceLimits.h">
      <Filter>Include</Filter>
    </ClInclude>
    <ClInclude Include="glslang\glslang\Include\revision.h">
      <Filter>Include</Filter>
    </ClInclude>
    <ClInclude Include="glslang\glslang\Include\ShHandle.h">
      <Filter>Include</Filter>
    </ClInclude>
    <ClInclude Include="glslang\glslang\Include\Types.h">
      <Filter>Include</Filter>
    </ClInclude>
    <ClInclude Include="glslang\glslang\MachineIndependent\gl_types.h">
      <Filter>MachineIndependent</Filter>
    </ClInclude>
    <ClInclude Include="glslang\glslang\MachineIndependent\glslang_tab.cpp.h">
      <Filter>MachineIndependent</Filter>
    </ClInclude>
    <ClInclude Include="glslang\glslang\MachineIndependent\Initialize.h">
      <Filter>MachineIndependent</Filter>
    </ClInclude>
    <ClInclude Include="glslang\glslang\MachineIndependent\iomapper.h">
      <Filter>MachineIndependent</Filter>
    </ClInclude>
    <ClInclude Include="glslang\glslang\MachineIndependent\LiveTraverser.h">
      <Filter>MachineIndependent</Filter>
    </ClInclude>
    <ClInclude Include="glslang\glslang\MachineIndependent\localintermediate.h">
      <Filter>MachineIndependent</Filter>
    </ClInclude>
    <ClInclude Include="glslang\glslang\MachineIndependent\ParseHelper.h">
      <Filter>MachineIndependent</Filter>
    </ClInclude>
    <ClInclude Include="glslang\glslang\MachineIndependent\reflection.h">
      <Filter>MachineIndependent</Filter>
    </ClInclude>
    <ClInclude Include="glslang\glslang\MachineIndependent\RemoveTree.h">
      <Filter>MachineIndependent</Filter>
    </ClInclude>
    <ClInclude Include="glslang\glslang\MachineIndependent\Scan.h">
      <Filter>MachineIndependent</Filter>
    </ClInclude>
    <ClInclude Include="glslang\glslang\MachineIndependent\ScanContext.h">
      <Filter>MachineIndependent</Filter>
    </ClInclude>
    <ClInclude Include="glslang\glslang\MachineIndependent\SymbolTable.h">
      <Filter>MachineIndependent</Filter>
    </ClInclude>
    <ClInclude Include="glslang\glslang\MachineIndependent\Versions.h">
      <Filter>MachineIndependent</Filter>
    </ClInclude>
    <ClInclude Include="glslang\glslang\MachineIndependent\parseVersions.h">
      <Filter>MachineIndependent</Filter>
    </ClInclude>
    <ClInclude Include="glslang\glslang\MachineIndependent\propagateNoContraction.h">
      <Filter>MachineIndependent</Filter>
    </ClInclude>
  </ItemGroup>
  <ItemGroup>
    <ClCompile Include="glslang\glslang\MachineIndependent\preprocessor\Pp.cpp">
      <Filter>MachineIndependent\Preprocessor</Filter>
    </ClCompile>
    <ClCompile Include="glslang\glslang\MachineIndependent\preprocessor\PpAtom.cpp">
      <Filter>MachineIndependent\Preprocessor</Filter>
    </ClCompile>
    <ClCompile Include="glslang\glslang\MachineIndependent\preprocessor\PpContext.cpp">
      <Filter>MachineIndependent\Preprocessor</Filter>
    </ClCompile>
    <ClCompile Include="glslang\glslang\MachineIndependent\preprocessor\PpMemory.cpp">
      <Filter>MachineIndependent\Preprocessor</Filter>
    </ClCompile>
    <ClCompile Include="glslang\glslang\MachineIndependent\preprocessor\PpScanner.cpp">
      <Filter>MachineIndependent\Preprocessor</Filter>
    </ClCompile>
    <ClCompile Include="glslang\glslang\MachineIndependent\preprocessor\PpSymbols.cpp">
      <Filter>MachineIndependent\Preprocessor</Filter>
    </ClCompile>
    <ClCompile Include="glslang\glslang\MachineIndependent\preprocessor\PpTokens.cpp">
      <Filter>MachineIndependent\Preprocessor</Filter>
    </ClCompile>
    <ClCompile Include="glslang\glslang\MachineIndependent\Constant.cpp">
      <Filter>MachineIndependent</Filter>
    </ClCompile>
    <ClCompile Include="glslang\glslang\MachineIndependent\glslang_tab.cpp">
      <Filter>MachineIndependent</Filter>
    </ClCompile>
    <ClCompile Include="glslang\glslang\MachineIndependent\iomapper.cpp">
      <Filter>MachineIndependent</Filter>
    </ClCompile>
    <ClCompile Include="glslang\glslang\MachineIndependent\InfoSink.cpp">
      <Filter>MachineIndependent</Filter>
    </ClCompile>
    <ClCompile Include="glslang\glslang\MachineIndependent\Initialize.cpp">
      <Filter>MachineIndependent</Filter>
    </ClCompile>
    <ClCompile Include="glslang\glslang\MachineIndependent\IntermTraverse.cpp">
      <Filter>MachineIndependent</Filter>
    </ClCompile>
    <ClCompile Include="glslang\glslang\MachineIndependent\Intermediate.cpp">
      <Filter>MachineIndependent</Filter>
    </ClCompile>
    <ClCompile Include="glslang\glslang\MachineIndependent\ParseContextBase.cpp">
      <Filter>MachineIndependent</Filter>
    </ClCompile>
    <ClCompile Include="glslang\glslang\MachineIndependent\ParseHelper.cpp">
      <Filter>MachineIndependent</Filter>
    </ClCompile>
    <ClCompile Include="glslang\glslang\MachineIndependent\PoolAlloc.cpp">
      <Filter>MachineIndependent</Filter>
    </ClCompile>
    <ClCompile Include="glslang\glslang\MachineIndependent\RemoveTree.cpp">
      <Filter>MachineIndependent</Filter>
    </ClCompile>
    <ClCompile Include="glslang\glslang\MachineIndependent\Scan.cpp">
      <Filter>MachineIndependent</Filter>
    </ClCompile>
    <ClCompile Include="glslang\glslang\MachineIndependent\ShaderLang.cpp">
      <Filter>MachineIndependent</Filter>
    </ClCompile>
    <ClCompile Include="glslang\glslang\MachineIndependent\SymbolTable.cpp">
      <Filter>MachineIndependent</Filter>
    </ClCompile>
    <ClCompile Include="glslang\glslang\MachineIndependent\Versions.cpp">
      <Filter>MachineIndependent</Filter>
    </ClCompile>
    <ClCompile Include="glslang\glslang\MachineIndependent\intermOut.cpp">
      <Filter>MachineIndependent</Filter>
    </ClCompile>
    <ClCompile Include="glslang\glslang\MachineIndependent\limits.cpp">
      <Filter>MachineIndependent</Filter>
    </ClCompile>
    <ClCompile Include="glslang\glslang\MachineIndependent\parseConst.cpp">
      <Filter>MachineIndependent</Filter>
    </ClCompile>
    <ClCompile Include="glslang\glslang\MachineIndependent\linkValidate.cpp">
      <Filter>MachineIndependent</Filter>
    </ClCompile>
    <ClCompile Include="glslang\glslang\MachineIndependent\reflection.cpp">
      <Filter>MachineIndependent</Filter>
    </ClCompile>
    <ClCompile Include="glslang\glslang\GenericCodeGen\CodeGen.cpp">
      <Filter>GenericCodeGen</Filter>
    </ClCompile>
    <ClCompile Include="glslang\glslang\GenericCodeGen\Link.cpp">
      <Filter>GenericCodeGen</Filter>
    </ClCompile>
    <ClCompile Include="glslang\glslang\MachineIndependent\propagateNoContraction.cpp">
      <Filter>MachineIndependent</Filter>
    </ClCompile>
  </ItemGroup>
  <ItemGroup>
    <None Include="glslang\glslang\MachineIndependent\glslang.y" />
  </ItemGroup>
  <ItemGroup>
    <Filter Include="MachineIndependent">
      <UniqueIdentifier>{147debbe-878c-4922-89cf-2e6594766031}</UniqueIdentifier>
    </Filter>
    <Filter Include="MachineIndependent\Preprocessor">
      <UniqueIdentifier>{3241a31a-5db7-410c-a4d2-3d467982346a}</UniqueIdentifier>
    </Filter>
    <Filter Include="Include">
      <UniqueIdentifier>{213a800d-51e8-492e-ab46-2f1de77d8fb1}</UniqueIdentifier>
    </Filter>
    <Filter Include="GenericCodeGen">
      <UniqueIdentifier>{eb3c6994-4d2a-4cdb-b004-5340c7ddaeb2}</UniqueIdentifier>
    </Filter>
    <Filter Include="Public">
      <UniqueIdentifier>{6ff09b9b-9db9-4850-8452-67918907a7cb}</UniqueIdentifier>
    </Filter>
  </ItemGroup>
</Project>